// !$*UTF8*$!
{
	archiveVersion = 1;
	classes = {
	};
	objectVersion = 51;
	objects = {

/* Begin PBXBuildFile section */
		7D4C5A60D05314BCA4911FCA /* Pods_UUMessayTests.framework in Frameworks */ = {isa = PBXBuildFile; fileRef = 300150FC128BB419B56782FF /* Pods_UUMessayTests.framework */; };
		89363068253197AA00C4F3FF /* Extensions.swift in Sources */ = {isa = PBXBuildFile; fileRef = 89363067253197AA00C4F3FF /* Extensions.swift */; };
		893630842532F82700C4F3FF /* GoogleService-Info.plist in Resources */ = {isa = PBXBuildFile; fileRef = 893630832532F82700C4F3FF /* GoogleService-Info.plist */; };
		8999DAFE253185AF00CE9B26 /* AppDelegate.swift in Sources */ = {isa = PBXBuildFile; fileRef = 8999DAFD253185AF00CE9B26 /* AppDelegate.swift */; };
		8999DB00253185AF00CE9B26 /* SceneDelegate.swift in Sources */ = {isa = PBXBuildFile; fileRef = 8999DAFF253185AF00CE9B26 /* SceneDelegate.swift */; };
		8999DB02253185AF00CE9B26 /* ConversationsViewController.swift in Sources */ = {isa = PBXBuildFile; fileRef = 8999DB01253185AF00CE9B26 /* ConversationsViewController.swift */; };
		8999DB05253185AF00CE9B26 /* Main.storyboard in Resources */ = {isa = PBXBuildFile; fileRef = 8999DB03253185AF00CE9B26 /* Main.storyboard */; };
		8999DB07253185B100CE9B26 /* Assets.xcassets in Resources */ = {isa = PBXBuildFile; fileRef = 8999DB06253185B100CE9B26 /* Assets.xcassets */; };
		8999DB0A253185B100CE9B26 /* LaunchScreen.storyboard in Resources */ = {isa = PBXBuildFile; fileRef = 8999DB08253185B100CE9B26 /* LaunchScreen.storyboard */; };
		8999DB15253185B100CE9B26 /* UUMessayTests.swift in Sources */ = {isa = PBXBuildFile; fileRef = 8999DB14253185B100CE9B26 /* UUMessayTests.swift */; };
		8999DB20253185B100CE9B26 /* UUMessayUITests.swift in Sources */ = {isa = PBXBuildFile; fileRef = 8999DB1F253185B100CE9B26 /* UUMessayUITests.swift */; };
		8999DB4525318E8700CE9B26 /* RegisterViewController.swift in Sources */ = {isa = PBXBuildFile; fileRef = 8999DB4425318E8700CE9B26 /* RegisterViewController.swift */; };
		8999DB4D25318EB600CE9B26 /* LoginViewController.swift in Sources */ = {isa = PBXBuildFile; fileRef = 8999DB4C25318EB600CE9B26 /* LoginViewController.swift */; };
		8999DB5225318EDE00CE9B26 /* PhotoViewerViewController.swift in Sources */ = {isa = PBXBuildFile; fileRef = 8999DB5125318EDE00CE9B26 /* PhotoViewerViewController.swift */; };
		8999DB5D25318F0F00CE9B26 /* VideoPlayerViewController.swift in Sources */ = {isa = PBXBuildFile; fileRef = 8999DB5C25318F0F00CE9B26 /* VideoPlayerViewController.swift */; };
		8999DB6225318F2B00CE9B26 /* NewConversationViewController.swift in Sources */ = {isa = PBXBuildFile; fileRef = 8999DB6125318F2B00CE9B26 /* NewConversationViewController.swift */; };
		8999DB6725318F3A00CE9B26 /* ProfileViewController.swift in Sources */ = {isa = PBXBuildFile; fileRef = 8999DB6625318F3A00CE9B26 /* ProfileViewController.swift */; };
		B5A9D0D749D473CF5FEA0FD1 /* Pods_UUMessay.framework in Frameworks */ = {isa = PBXBuildFile; fileRef = 32FB50C63B317B918115D3C9 /* Pods_UUMessay.framework */; };
		C3A13A33F849FC4F2E1BF78D /* Pods_UUMessay_UUMessayUITests.framework in Frameworks */ = {isa = PBXBuildFile; fileRef = 6957F87DA2F3DEE061C4915F /* Pods_UUMessay_UUMessayUITests.framework */; };
/* End PBXBuildFile section */

/* Begin PBXContainerItemProxy section */
		8999DB11253185B100CE9B26 /* PBXContainerItemProxy */ = {
			isa = PBXContainerItemProxy;
			containerPortal = 8999DAF2253185AF00CE9B26 /* Project object */;
			proxyType = 1;
			remoteGlobalIDString = 8999DAF9253185AF00CE9B26;
			remoteInfo = UUMessay;
		};
		8999DB1C253185B100CE9B26 /* PBXContainerItemProxy */ = {
			isa = PBXContainerItemProxy;
			containerPortal = 8999DAF2253185AF00CE9B26 /* Project object */;
			proxyType = 1;
			remoteGlobalIDString = 8999DAF9253185AF00CE9B26;
			remoteInfo = UUMessay;
		};
/* End PBXContainerItemProxy section */

/* Begin PBXFileReference section */
		196CD639DFE52EF3B8D2E780 /* Pods-UUMessay-UUMessayUITests.debug.xcconfig */ = {isa = PBXFileReference; includeInIndex = 1; lastKnownFileType = text.xcconfig; name = "Pods-UUMessay-UUMessayUITests.debug.xcconfig"; path = "Target Support Files/Pods-UUMessay-UUMessayUITests/Pods-UUMessay-UUMessayUITests.debug.xcconfig"; sourceTree = "<group>"; };
		1AB9277B63BC4E59B907A887 /* Pods-UUMessayTests.debug.xcconfig */ = {isa = PBXFileReference; includeInIndex = 1; lastKnownFileType = text.xcconfig; name = "Pods-UUMessayTests.debug.xcconfig"; path = "Target Support Files/Pods-UUMessayTests/Pods-UUMessayTests.debug.xcconfig"; sourceTree = "<group>"; };
		300150FC128BB419B56782FF /* Pods_UUMessayTests.framework */ = {isa = PBXFileReference; explicitFileType = wrapper.framework; includeInIndex = 0; path = Pods_UUMessayTests.framework; sourceTree = BUILT_PRODUCTS_DIR; };
		32FB50C63B317B918115D3C9 /* Pods_UUMessay.framework */ = {isa = PBXFileReference; explicitFileType = wrapper.framework; includeInIndex = 0; path = Pods_UUMessay.framework; sourceTree = BUILT_PRODUCTS_DIR; };
		57D2D71BF6D3F7934CBC793E /* Pods-UUMessay.debug.xcconfig */ = {isa = PBXFileReference; includeInIndex = 1; lastKnownFileType = text.xcconfig; name = "Pods-UUMessay.debug.xcconfig"; path = "Target Support Files/Pods-UUMessay/Pods-UUMessay.debug.xcconfig"; sourceTree = "<group>"; };
		647A99B2425545B22F34F078 /* Pods-UUMessay-UUMessayUITests.release.xcconfig */ = {isa = PBXFileReference; includeInIndex = 1; lastKnownFileType = text.xcconfig; name = "Pods-UUMessay-UUMessayUITests.release.xcconfig"; path = "Target Support Files/Pods-UUMessay-UUMessayUITests/Pods-UUMessay-UUMessayUITests.release.xcconfig"; sourceTree = "<group>"; };
		6957F87DA2F3DEE061C4915F /* Pods_UUMessay_UUMessayUITests.framework */ = {isa = PBXFileReference; explicitFileType = wrapper.framework; includeInIndex = 0; path = Pods_UUMessay_UUMessayUITests.framework; sourceTree = BUILT_PRODUCTS_DIR; };
		89363067253197AA00C4F3FF /* Extensions.swift */ = {isa = PBXFileReference; lastKnownFileType = sourcecode.swift; path = Extensions.swift; sourceTree = "<group>"; };
		893630832532F82700C4F3FF /* GoogleService-Info.plist */ = {isa = PBXFileReference; fileEncoding = 4; lastKnownFileType = text.plist.xml; name = "GoogleService-Info.plist"; path = "../../../../Desktop/GoogleService-Info.plist"; sourceTree = "<group>"; };
		8999DAFA253185AF00CE9B26 /* UUMessay.app */ = {isa = PBXFileReference; explicitFileType = wrapper.application; includeInIndex = 0; path = UUMessay.app; sourceTree = BUILT_PRODUCTS_DIR; };
		8999DAFD253185AF00CE9B26 /* AppDelegate.swift */ = {isa = PBXFileReference; lastKnownFileType = sourcecode.swift; path = AppDelegate.swift; sourceTree = "<group>"; };
		8999DAFF253185AF00CE9B26 /* SceneDelegate.swift */ = {isa = PBXFileReference; lastKnownFileType = sourcecode.swift; path = SceneDelegate.swift; sourceTree = "<group>"; };
		8999DB01253185AF00CE9B26 /* ConversationsViewController.swift */ = {isa = PBXFileReference; lastKnownFileType = sourcecode.swift; path = ConversationsViewController.swift; sourceTree = "<group>"; };
		8999DB04253185AF00CE9B26 /* Base */ = {isa = PBXFileReference; lastKnownFileType = file.storyboard; name = Base; path = Base.lproj/Main.storyboard; sourceTree = "<group>"; };
		8999DB06253185B100CE9B26 /* Assets.xcassets */ = {isa = PBXFileReference; lastKnownFileType = folder.assetcatalog; path = Assets.xcassets; sourceTree = "<group>"; };
		8999DB09253185B100CE9B26 /* Base */ = {isa = PBXFileReference; lastKnownFileType = file.storyboard; name = Base; path = Base.lproj/LaunchScreen.storyboard; sourceTree = "<group>"; };
		8999DB0B253185B100CE9B26 /* Info.plist */ = {isa = PBXFileReference; lastKnownFileType = text.plist.xml; path = Info.plist; sourceTree = "<group>"; };
		8999DB10253185B100CE9B26 /* UUMessayTests.xctest */ = {isa = PBXFileReference; explicitFileType = wrapper.cfbundle; includeInIndex = 0; path = UUMessayTests.xctest; sourceTree = BUILT_PRODUCTS_DIR; };
		8999DB14253185B100CE9B26 /* UUMessayTests.swift */ = {isa = PBXFileReference; lastKnownFileType = sourcecode.swift; path = UUMessayTests.swift; sourceTree = "<group>"; };
		8999DB16253185B100CE9B26 /* Info.plist */ = {isa = PBXFileReference; lastKnownFileType = text.plist.xml; path = Info.plist; sourceTree = "<group>"; };
		8999DB1B253185B100CE9B26 /* UUMessayUITests.xctest */ = {isa = PBXFileReference; explicitFileType = wrapper.cfbundle; includeInIndex = 0; path = UUMessayUITests.xctest; sourceTree = BUILT_PRODUCTS_DIR; };
		8999DB1F253185B100CE9B26 /* UUMessayUITests.swift */ = {isa = PBXFileReference; lastKnownFileType = sourcecode.swift; path = UUMessayUITests.swift; sourceTree = "<group>"; };
		8999DB21253185B100CE9B26 /* Info.plist */ = {isa = PBXFileReference; lastKnownFileType = text.plist.xml; path = Info.plist; sourceTree = "<group>"; };
		8999DB4425318E8700CE9B26 /* RegisterViewController.swift */ = {isa = PBXFileReference; lastKnownFileType = sourcecode.swift; path = RegisterViewController.swift; sourceTree = "<group>"; };
		8999DB4C25318EB600CE9B26 /* LoginViewController.swift */ = {isa = PBXFileReference; lastKnownFileType = sourcecode.swift; path = LoginViewController.swift; sourceTree = "<group>"; };
		8999DB5125318EDE00CE9B26 /* PhotoViewerViewController.swift */ = {isa = PBXFileReference; lastKnownFileType = sourcecode.swift; path = PhotoViewerViewController.swift; sourceTree = "<group>"; };
		8999DB5C25318F0F00CE9B26 /* VideoPlayerViewController.swift */ = {isa = PBXFileReference; lastKnownFileType = sourcecode.swift; path = VideoPlayerViewController.swift; sourceTree = "<group>"; };
		8999DB6125318F2B00CE9B26 /* NewConversationViewController.swift */ = {isa = PBXFileReference; lastKnownFileType = sourcecode.swift; path = NewConversationViewController.swift; sourceTree = "<group>"; };
		8999DB6625318F3A00CE9B26 /* ProfileViewController.swift */ = {isa = PBXFileReference; lastKnownFileType = sourcecode.swift; path = ProfileViewController.swift; sourceTree = "<group>"; };
		9C4B4BCEEEDA5849FF2D4B2F /* Pods-UUMessay.release.xcconfig */ = {isa = PBXFileReference; includeInIndex = 1; lastKnownFileType = text.xcconfig; name = "Pods-UUMessay.release.xcconfig"; path = "Target Support Files/Pods-UUMessay/Pods-UUMessay.release.xcconfig"; sourceTree = "<group>"; };
		F21C3CDA68A7A849CA933B71 /* Pods-UUMessayTests.release.xcconfig */ = {isa = PBXFileReference; includeInIndex = 1; lastKnownFileType = text.xcconfig; name = "Pods-UUMessayTests.release.xcconfig"; path = "Target Support Files/Pods-UUMessayTests/Pods-UUMessayTests.release.xcconfig"; sourceTree = "<group>"; };
/* End PBXFileReference section */

/* Begin PBXFrameworksBuildPhase section */
		8999DAF7253185AF00CE9B26 /* Frameworks */ = {
			isa = PBXFrameworksBuildPhase;
			buildActionMask = 2147483647;
			files = (
				B5A9D0D749D473CF5FEA0FD1 /* Pods_UUMessay.framework in Frameworks */,
			);
			runOnlyForDeploymentPostprocessing = 0;
		};
		8999DB0D253185B100CE9B26 /* Frameworks */ = {
			isa = PBXFrameworksBuildPhase;
			buildActionMask = 2147483647;
			files = (
				7D4C5A60D05314BCA4911FCA /* Pods_UUMessayTests.framework in Frameworks */,
			);
			runOnlyForDeploymentPostprocessing = 0;
		};
		8999DB18253185B100CE9B26 /* Frameworks */ = {
			isa = PBXFrameworksBuildPhase;
			buildActionMask = 2147483647;
			files = (
				C3A13A33F849FC4F2E1BF78D /* Pods_UUMessay_UUMessayUITests.framework in Frameworks */,
			);
			runOnlyForDeploymentPostprocessing = 0;
		};
/* End PBXFrameworksBuildPhase section */

/* Begin PBXGroup section */
		1D2387DF8BAF5A9CD81D1061 /* Pods */ = {
			isa = PBXGroup;
			children = (
				57D2D71BF6D3F7934CBC793E /* Pods-UUMessay.debug.xcconfig */,
				9C4B4BCEEEDA5849FF2D4B2F /* Pods-UUMessay.release.xcconfig */,
				196CD639DFE52EF3B8D2E780 /* Pods-UUMessay-UUMessayUITests.debug.xcconfig */,
				647A99B2425545B22F34F078 /* Pods-UUMessay-UUMessayUITests.release.xcconfig */,
				1AB9277B63BC4E59B907A887 /* Pods-UUMessayTests.debug.xcconfig */,
				F21C3CDA68A7A849CA933B71 /* Pods-UUMessayTests.release.xcconfig */,
			);
			path = Pods;
			sourceTree = "<group>";
		};
		7AB816F04F4A3E4EE376601A /* Frameworks */ = {
			isa = PBXGroup;
			children = (
				32FB50C63B317B918115D3C9 /* Pods_UUMessay.framework */,
				6957F87DA2F3DEE061C4915F /* Pods_UUMessay_UUMessayUITests.framework */,
				300150FC128BB419B56782FF /* Pods_UUMessayTests.framework */,
			);
			name = Frameworks;
			sourceTree = "<group>";
		};
		8999DAF1253185AF00CE9B26 = {
			isa = PBXGroup;
			children = (
				8999DAFC253185AF00CE9B26 /* UUMessay */,
				8999DB13253185B100CE9B26 /* UUMessayTests */,
				8999DB1E253185B100CE9B26 /* UUMessayUITests */,
				8999DAFB253185AF00CE9B26 /* Products */,
				1D2387DF8BAF5A9CD81D1061 /* Pods */,
				7AB816F04F4A3E4EE376601A /* Frameworks */,
			);
			sourceTree = "<group>";
		};
		8999DAFB253185AF00CE9B26 /* Products */ = {
			isa = PBXGroup;
			children = (
				8999DAFA253185AF00CE9B26 /* UUMessay.app */,
				8999DB10253185B100CE9B26 /* UUMessayTests.xctest */,
				8999DB1B253185B100CE9B26 /* UUMessayUITests.xctest */,
			);
			name = Products;
			sourceTree = "<group>";
		};
		8999DAFC253185AF00CE9B26 /* UUMessay */ = {
			isa = PBXGroup;
			children = (
				893630832532F82700C4F3FF /* GoogleService-Info.plist */,
				8999DB3425318B4B00CE9B26 /* Resources */,
				8999DB3325318B4000CE9B26 /* ViewModels */,
				8999DB3225318B3800CE9B26 /* Views */,
				8999DB3125318B3000CE9B26 /* Models */,
				8999DB3025318B2700CE9B26 /* Controllers */,
				8999DB0B253185B100CE9B26 /* Info.plist */,
			);
			path = UUMessay;
			sourceTree = "<group>";
		};
		8999DB13253185B100CE9B26 /* UUMessayTests */ = {
			isa = PBXGroup;
			children = (
				8999DB14253185B100CE9B26 /* UUMessayTests.swift */,
				8999DB16253185B100CE9B26 /* Info.plist */,
			);
			path = UUMessayTests;
			sourceTree = "<group>";
		};
		8999DB1E253185B100CE9B26 /* UUMessayUITests */ = {
			isa = PBXGroup;
			children = (
				8999DB1F253185B100CE9B26 /* UUMessayUITests.swift */,
				8999DB21253185B100CE9B26 /* Info.plist */,
			);
			path = UUMessayUITests;
			sourceTree = "<group>";
		};
		8999DB3025318B2700CE9B26 /* Controllers */ = {
			isa = PBXGroup;
			children = (
				8999DB01253185AF00CE9B26 /* ConversationsViewController.swift */,
				8999DB6B25318F7900CE9B26 /* Login */,
				8999DB5125318EDE00CE9B26 /* PhotoViewerViewController.swift */,
				8999DB5C25318F0F00CE9B26 /* VideoPlayerViewController.swift */,
				8999DB6125318F2B00CE9B26 /* NewConversationViewController.swift */,
				8999DB6625318F3A00CE9B26 /* ProfileViewController.swift */,
			);
			path = Controllers;
			sourceTree = "<group>";
		};
		8999DB3125318B3000CE9B26 /* Models */ = {
			isa = PBXGroup;
			children = (
			);
			path = Models;
			sourceTree = "<group>";
		};
		8999DB3225318B3800CE9B26 /* Views */ = {
			isa = PBXGroup;
			children = (
				8999DB3825318B8500CE9B26 /* Storyboards */,
				8999DB06253185B100CE9B26 /* Assets.xcassets */,
			);
			path = Views;
			sourceTree = "<group>";
		};
		8999DB3325318B4000CE9B26 /* ViewModels */ = {
			isa = PBXGroup;
			children = (
			);
			path = ViewModels;
			sourceTree = "<group>";
		};
		8999DB3425318B4B00CE9B26 /* Resources */ = {
			isa = PBXGroup;
			children = (
				8999DAFD253185AF00CE9B26 /* AppDelegate.swift */,
				8999DAFF253185AF00CE9B26 /* SceneDelegate.swift */,
				89363067253197AA00C4F3FF /* Extensions.swift */,
			);
			path = Resources;
			sourceTree = "<group>";
		};
		8999DB3825318B8500CE9B26 /* Storyboards */ = {
			isa = PBXGroup;
			children = (
				8999DB08253185B100CE9B26 /* LaunchScreen.storyboard */,
				8999DB03253185AF00CE9B26 /* Main.storyboard */,
			);
			path = Storyboards;
			sourceTree = "<group>";
		};
		8999DB6B25318F7900CE9B26 /* Login */ = {
			isa = PBXGroup;
			children = (
				8999DB4C25318EB600CE9B26 /* LoginViewController.swift */,
				8999DB4425318E8700CE9B26 /* RegisterViewController.swift */,
			);
			path = Login;
			sourceTree = "<group>";
		};
/* End PBXGroup section */

/* Begin PBXNativeTarget section */
		8999DAF9253185AF00CE9B26 /* UUMessay */ = {
			isa = PBXNativeTarget;
			buildConfigurationList = 8999DB24253185B100CE9B26 /* Build configuration list for PBXNativeTarget "UUMessay" */;
			buildPhases = (
				C325B90DF44DB7936E1F95A8 /* [CP] Check Pods Manifest.lock */,
				8999DAF6253185AF00CE9B26 /* Sources */,
				8999DAF7253185AF00CE9B26 /* Frameworks */,
				8999DAF8253185AF00CE9B26 /* Resources */,
				19ECEBEEC9C4F08569281A76 /* [CP] Embed Pods Frameworks */,
			);
			buildRules = (
			);
			dependencies = (
			);
			name = UUMessay;
			productName = UUMessay;
			productReference = 8999DAFA253185AF00CE9B26 /* UUMessay.app */;
			productType = "com.apple.product-type.application";
		};
		8999DB0F253185B100CE9B26 /* UUMessayTests */ = {
			isa = PBXNativeTarget;
			buildConfigurationList = 8999DB27253185B100CE9B26 /* Build configuration list for PBXNativeTarget "UUMessayTests" */;
			buildPhases = (
				EF486606100EC9E2D83AF305 /* [CP] Check Pods Manifest.lock */,
				8999DB0C253185B100CE9B26 /* Sources */,
				8999DB0D253185B100CE9B26 /* Frameworks */,
				8999DB0E253185B100CE9B26 /* Resources */,
			);
			buildRules = (
			);
			dependencies = (
				8999DB12253185B100CE9B26 /* PBXTargetDependency */,
			);
			name = UUMessayTests;
			productName = UUMessayTests;
			productReference = 8999DB10253185B100CE9B26 /* UUMessayTests.xctest */;
			productType = "com.apple.product-type.bundle.unit-test";
		};
		8999DB1A253185B100CE9B26 /* UUMessayUITests */ = {
			isa = PBXNativeTarget;
			buildConfigurationList = 8999DB2A253185B100CE9B26 /* Build configuration list for PBXNativeTarget "UUMessayUITests" */;
			buildPhases = (
				91B54B86D80E2498BDEB32AA /* [CP] Check Pods Manifest.lock */,
				8999DB17253185B100CE9B26 /* Sources */,
				8999DB18253185B100CE9B26 /* Frameworks */,
				8999DB19253185B100CE9B26 /* Resources */,
				DBA2001314F3552DF57393BA /* [CP] Embed Pods Frameworks */,
			);
			buildRules = (
			);
			dependencies = (
				8999DB1D253185B100CE9B26 /* PBXTargetDependency */,
			);
			name = UUMessayUITests;
			productName = UUMessayUITests;
			productReference = 8999DB1B253185B100CE9B26 /* UUMessayUITests.xctest */;
			productType = "com.apple.product-type.bundle.ui-testing";
		};
/* End PBXNativeTarget section */

/* Begin PBXProject section */
		8999DAF2253185AF00CE9B26 /* Project object */ = {
			isa = PBXProject;
			attributes = {
				LastSwiftUpdateCheck = 1200;
				LastUpgradeCheck = 1200;
				TargetAttributes = {
					8999DAF9253185AF00CE9B26 = {
						CreatedOnToolsVersion = 12.0.1;
					};
					8999DB0F253185B100CE9B26 = {
						CreatedOnToolsVersion = 12.0.1;
						TestTargetID = 8999DAF9253185AF00CE9B26;
					};
					8999DB1A253185B100CE9B26 = {
						CreatedOnToolsVersion = 12.0.1;
						TestTargetID = 8999DAF9253185AF00CE9B26;
					};
				};
			};
			buildConfigurationList = 8999DAF5253185AF00CE9B26 /* Build configuration list for PBXProject "UUMessay" */;
			compatibilityVersion = "Xcode 9.3";
			developmentRegion = en;
			hasScannedForEncodings = 0;
			knownRegions = (
				en,
				Base,
			);
			mainGroup = 8999DAF1253185AF00CE9B26;
			productRefGroup = 8999DAFB253185AF00CE9B26 /* Products */;
			projectDirPath = "";
			projectRoot = "";
			targets = (
				8999DAF9253185AF00CE9B26 /* UUMessay */,
				8999DB0F253185B100CE9B26 /* UUMessayTests */,
				8999DB1A253185B100CE9B26 /* UUMessayUITests */,
			);
		};
/* End PBXProject section */

/* Begin PBXResourcesBuildPhase section */
		8999DAF8253185AF00CE9B26 /* Resources */ = {
			isa = PBXResourcesBuildPhase;
			buildActionMask = 2147483647;
			files = (
				8999DB0A253185B100CE9B26 /* LaunchScreen.storyboard in Resources */,
				893630842532F82700C4F3FF /* GoogleService-Info.plist in Resources */,
				8999DB07253185B100CE9B26 /* Assets.xcassets in Resources */,
				8999DB05253185AF00CE9B26 /* Main.storyboard in Resources */,
			);
			runOnlyForDeploymentPostprocessing = 0;
		};
		8999DB0E253185B100CE9B26 /* Resources */ = {
			isa = PBXResourcesBuildPhase;
			buildActionMask = 2147483647;
			files = (
			);
			runOnlyForDeploymentPostprocessing = 0;
		};
		8999DB19253185B100CE9B26 /* Resources */ = {
			isa = PBXResourcesBuildPhase;
			buildActionMask = 2147483647;
			files = (
			);
			runOnlyForDeploymentPostprocessing = 0;
		};
/* End PBXResourcesBuildPhase section */

/* Begin PBXShellScriptBuildPhase section */
		19ECEBEEC9C4F08569281A76 /* [CP] Embed Pods Frameworks */ = {
			isa = PBXShellScriptBuildPhase;
			buildActionMask = 2147483647;
			files = (
			);
			inputFileListPaths = (
				"${PODS_ROOT}/Target Support Files/Pods-UUMessay/Pods-UUMessay-frameworks-${CONFIGURATION}-input-files.xcfilelist",
			);
			name = "[CP] Embed Pods Frameworks";
			outputFileListPaths = (
				"${PODS_ROOT}/Target Support Files/Pods-UUMessay/Pods-UUMessay-frameworks-${CONFIGURATION}-output-files.xcfilelist",
			);
			runOnlyForDeploymentPostprocessing = 0;
			shellPath = /bin/sh;
			shellScript = "\"${PODS_ROOT}/Target Support Files/Pods-UUMessay/Pods-UUMessay-frameworks.sh\"\n";
			showEnvVarsInLog = 0;
		};
		91B54B86D80E2498BDEB32AA /* [CP] Check Pods Manifest.lock */ = {
			isa = PBXShellScriptBuildPhase;
			buildActionMask = 2147483647;
			files = (
			);
			inputFileListPaths = (
			);
			inputPaths = (
				"${PODS_PODFILE_DIR_PATH}/Podfile.lock",
				"${PODS_ROOT}/Manifest.lock",
			);
			name = "[CP] Check Pods Manifest.lock";
			outputFileListPaths = (
			);
			outputPaths = (
				"$(DERIVED_FILE_DIR)/Pods-UUMessay-UUMessayUITests-checkManifestLockResult.txt",
			);
			runOnlyForDeploymentPostprocessing = 0;
			shellPath = /bin/sh;
			shellScript = "diff \"${PODS_PODFILE_DIR_PATH}/Podfile.lock\" \"${PODS_ROOT}/Manifest.lock\" > /dev/null\nif [ $? != 0 ] ; then\n    # print error to STDERR\n    echo \"error: The sandbox is not in sync with the Podfile.lock. Run 'pod install' or update your CocoaPods installation.\" >&2\n    exit 1\nfi\n# This output is used by Xcode 'outputs' to avoid re-running this script phase.\necho \"SUCCESS\" > \"${SCRIPT_OUTPUT_FILE_0}\"\n";
			showEnvVarsInLog = 0;
		};
		C325B90DF44DB7936E1F95A8 /* [CP] Check Pods Manifest.lock */ = {
			isa = PBXShellScriptBuildPhase;
			buildActionMask = 2147483647;
			files = (
			);
			inputFileListPaths = (
			);
			inputPaths = (
				"${PODS_PODFILE_DIR_PATH}/Podfile.lock",
				"${PODS_ROOT}/Manifest.lock",
			);
			name = "[CP] Check Pods Manifest.lock";
			outputFileListPaths = (
			);
			outputPaths = (
				"$(DERIVED_FILE_DIR)/Pods-UUMessay-checkManifestLockResult.txt",
			);
			runOnlyForDeploymentPostprocessing = 0;
			shellPath = /bin/sh;
			shellScript = "diff \"${PODS_PODFILE_DIR_PATH}/Podfile.lock\" \"${PODS_ROOT}/Manifest.lock\" > /dev/null\nif [ $? != 0 ] ; then\n    # print error to STDERR\n    echo \"error: The sandbox is not in sync with the Podfile.lock. Run 'pod install' or update your CocoaPods installation.\" >&2\n    exit 1\nfi\n# This output is used by Xcode 'outputs' to avoid re-running this script phase.\necho \"SUCCESS\" > \"${SCRIPT_OUTPUT_FILE_0}\"\n";
			showEnvVarsInLog = 0;
		};
		DBA2001314F3552DF57393BA /* [CP] Embed Pods Frameworks */ = {
			isa = PBXShellScriptBuildPhase;
			buildActionMask = 2147483647;
			files = (
			);
			inputFileListPaths = (
				"${PODS_ROOT}/Target Support Files/Pods-UUMessay-UUMessayUITests/Pods-UUMessay-UUMessayUITests-frameworks-${CONFIGURATION}-input-files.xcfilelist",
			);
			name = "[CP] Embed Pods Frameworks";
			outputFileListPaths = (
				"${PODS_ROOT}/Target Support Files/Pods-UUMessay-UUMessayUITests/Pods-UUMessay-UUMessayUITests-frameworks-${CONFIGURATION}-output-files.xcfilelist",
			);
			runOnlyForDeploymentPostprocessing = 0;
			shellPath = /bin/sh;
			shellScript = "\"${PODS_ROOT}/Target Support Files/Pods-UUMessay-UUMessayUITests/Pods-UUMessay-UUMessayUITests-frameworks.sh\"\n";
			showEnvVarsInLog = 0;
		};
		EF486606100EC9E2D83AF305 /* [CP] Check Pods Manifest.lock */ = {
			isa = PBXShellScriptBuildPhase;
			buildActionMask = 2147483647;
			files = (
			);
			inputFileListPaths = (
			);
			inputPaths = (
				"${PODS_PODFILE_DIR_PATH}/Podfile.lock",
				"${PODS_ROOT}/Manifest.lock",
			);
			name = "[CP] Check Pods Manifest.lock";
			outputFileListPaths = (
			);
			outputPaths = (
				"$(DERIVED_FILE_DIR)/Pods-UUMessayTests-checkManifestLockResult.txt",
			);
			runOnlyForDeploymentPostprocessing = 0;
			shellPath = /bin/sh;
			shellScript = "diff \"${PODS_PODFILE_DIR_PATH}/Podfile.lock\" \"${PODS_ROOT}/Manifest.lock\" > /dev/null\nif [ $? != 0 ] ; then\n    # print error to STDERR\n    echo \"error: The sandbox is not in sync with the Podfile.lock. Run 'pod install' or update your CocoaPods installation.\" >&2\n    exit 1\nfi\n# This output is used by Xcode 'outputs' to avoid re-running this script phase.\necho \"SUCCESS\" > \"${SCRIPT_OUTPUT_FILE_0}\"\n";
			showEnvVarsInLog = 0;
		};
/* End PBXShellScriptBuildPhase section */

/* Begin PBXSourcesBuildPhase section */
		8999DAF6253185AF00CE9B26 /* Sources */ = {
			isa = PBXSourcesBuildPhase;
			buildActionMask = 2147483647;
			files = (
				8999DB4525318E8700CE9B26 /* RegisterViewController.swift in Sources */,
				8999DB02253185AF00CE9B26 /* ConversationsViewController.swift in Sources */,
				8999DB6225318F2B00CE9B26 /* NewConversationViewController.swift in Sources */,
				8999DAFE253185AF00CE9B26 /* AppDelegate.swift in Sources */,
				8999DB5D25318F0F00CE9B26 /* VideoPlayerViewController.swift in Sources */,
				89363068253197AA00C4F3FF /* Extensions.swift in Sources */,
				8999DB00253185AF00CE9B26 /* SceneDelegate.swift in Sources */,
				8999DB6725318F3A00CE9B26 /* ProfileViewController.swift in Sources */,
				8999DB4D25318EB600CE9B26 /* LoginViewController.swift in Sources */,
				8999DB5225318EDE00CE9B26 /* PhotoViewerViewController.swift in Sources */,
			);
			runOnlyForDeploymentPostprocessing = 0;
		};
		8999DB0C253185B100CE9B26 /* Sources */ = {
			isa = PBXSourcesBuildPhase;
			buildActionMask = 2147483647;
			files = (
				8999DB15253185B100CE9B26 /* UUMessayTests.swift in Sources */,
			);
			runOnlyForDeploymentPostprocessing = 0;
		};
		8999DB17253185B100CE9B26 /* Sources */ = {
			isa = PBXSourcesBuildPhase;
			buildActionMask = 2147483647;
			files = (
				8999DB20253185B100CE9B26 /* UUMessayUITests.swift in Sources */,
			);
			runOnlyForDeploymentPostprocessing = 0;
		};
/* End PBXSourcesBuildPhase section */

/* Begin PBXTargetDependency section */
		8999DB12253185B100CE9B26 /* PBXTargetDependency */ = {
			isa = PBXTargetDependency;
			target = 8999DAF9253185AF00CE9B26 /* UUMessay */;
			targetProxy = 8999DB11253185B100CE9B26 /* PBXContainerItemProxy */;
		};
		8999DB1D253185B100CE9B26 /* PBXTargetDependency */ = {
			isa = PBXTargetDependency;
			target = 8999DAF9253185AF00CE9B26 /* UUMessay */;
			targetProxy = 8999DB1C253185B100CE9B26 /* PBXContainerItemProxy */;
		};
/* End PBXTargetDependency section */

/* Begin PBXVariantGroup section */
		8999DB03253185AF00CE9B26 /* Main.storyboard */ = {
			isa = PBXVariantGroup;
			children = (
				8999DB04253185AF00CE9B26 /* Base */,
			);
			name = Main.storyboard;
			sourceTree = "<group>";
		};
		8999DB08253185B100CE9B26 /* LaunchScreen.storyboard */ = {
			isa = PBXVariantGroup;
			children = (
				8999DB09253185B100CE9B26 /* Base */,
			);
			name = LaunchScreen.storyboard;
			sourceTree = "<group>";
		};
/* End PBXVariantGroup section */

/* Begin XCBuildConfiguration section */
		8999DB22253185B100CE9B26 /* Debug */ = {
			isa = XCBuildConfiguration;
			buildSettings = {
				ALWAYS_SEARCH_USER_PATHS = NO;
				CLANG_ANALYZER_NONNULL = YES;
				CLANG_ANALYZER_NUMBER_OBJECT_CONVERSION = YES_AGGRESSIVE;
				CLANG_CXX_LANGUAGE_STANDARD = "gnu++14";
				CLANG_CXX_LIBRARY = "libc++";
				CLANG_ENABLE_MODULES = YES;
				CLANG_ENABLE_OBJC_ARC = YES;
				CLANG_ENABLE_OBJC_WEAK = YES;
				CLANG_WARN_BLOCK_CAPTURE_AUTORELEASING = YES;
				CLANG_WARN_BOOL_CONVERSION = YES;
				CLANG_WARN_COMMA = YES;
				CLANG_WARN_CONSTANT_CONVERSION = YES;
				CLANG_WARN_DEPRECATED_OBJC_IMPLEMENTATIONS = YES;
				CLANG_WARN_DIRECT_OBJC_ISA_USAGE = YES_ERROR;
				CLANG_WARN_DOCUMENTATION_COMMENTS = YES;
				CLANG_WARN_EMPTY_BODY = YES;
				CLANG_WARN_ENUM_CONVERSION = YES;
				CLANG_WARN_INFINITE_RECURSION = YES;
				CLANG_WARN_INT_CONVERSION = YES;
				CLANG_WARN_NON_LITERAL_NULL_CONVERSION = YES;
				CLANG_WARN_OBJC_IMPLICIT_RETAIN_SELF = YES;
				CLANG_WARN_OBJC_LITERAL_CONVERSION = YES;
				CLANG_WARN_OBJC_ROOT_CLASS = YES_ERROR;
				CLANG_WARN_QUOTED_INCLUDE_IN_FRAMEWORK_HEADER = YES;
				CLANG_WARN_RANGE_LOOP_ANALYSIS = YES;
				CLANG_WARN_STRICT_PROTOTYPES = YES;
				CLANG_WARN_SUSPICIOUS_MOVE = YES;
				CLANG_WARN_UNGUARDED_AVAILABILITY = YES_AGGRESSIVE;
				CLANG_WARN_UNREACHABLE_CODE = YES;
				CLANG_WARN__DUPLICATE_METHOD_MATCH = YES;
				COPY_PHASE_STRIP = NO;
				DEBUG_INFORMATION_FORMAT = dwarf;
				ENABLE_STRICT_OBJC_MSGSEND = YES;
				ENABLE_TESTABILITY = YES;
				GCC_C_LANGUAGE_STANDARD = gnu11;
				GCC_DYNAMIC_NO_PIC = NO;
				GCC_NO_COMMON_BLOCKS = YES;
				GCC_OPTIMIZATION_LEVEL = 0;
				GCC_PREPROCESSOR_DEFINITIONS = (
					"DEBUG=1",
					"$(inherited)",
				);
				GCC_WARN_64_TO_32_BIT_CONVERSION = YES;
				GCC_WARN_ABOUT_RETURN_TYPE = YES_ERROR;
				GCC_WARN_UNDECLARED_SELECTOR = YES;
				GCC_WARN_UNINITIALIZED_AUTOS = YES_AGGRESSIVE;
				GCC_WARN_UNUSED_FUNCTION = YES;
				GCC_WARN_UNUSED_VARIABLE = YES;
				IPHONEOS_DEPLOYMENT_TARGET = 14.0;
				MTL_ENABLE_DEBUG_INFO = INCLUDE_SOURCE;
				MTL_FAST_MATH = YES;
				ONLY_ACTIVE_ARCH = YES;
				SDKROOT = iphoneos;
				SWIFT_ACTIVE_COMPILATION_CONDITIONS = DEBUG;
				SWIFT_OPTIMIZATION_LEVEL = "-Onone";
			};
			name = Debug;
		};
		8999DB23253185B100CE9B26 /* Release */ = {
			isa = XCBuildConfiguration;
			buildSettings = {
				ALWAYS_SEARCH_USER_PATHS = NO;
				CLANG_ANALYZER_NONNULL = YES;
				CLANG_ANALYZER_NUMBER_OBJECT_CONVERSION = YES_AGGRESSIVE;
				CLANG_CXX_LANGUAGE_STANDARD = "gnu++14";
				CLANG_CXX_LIBRARY = "libc++";
				CLANG_ENABLE_MODULES = YES;
				CLANG_ENABLE_OBJC_ARC = YES;
				CLANG_ENABLE_OBJC_WEAK = YES;
				CLANG_WARN_BLOCK_CAPTURE_AUTORELEASING = YES;
				CLANG_WARN_BOOL_CONVERSION = YES;
				CLANG_WARN_COMMA = YES;
				CLANG_WARN_CONSTANT_CONVERSION = YES;
				CLANG_WARN_DEPRECATED_OBJC_IMPLEMENTATIONS = YES;
				CLANG_WARN_DIRECT_OBJC_ISA_USAGE = YES_ERROR;
				CLANG_WARN_DOCUMENTATION_COMMENTS = YES;
				CLANG_WARN_EMPTY_BODY = YES;
				CLANG_WARN_ENUM_CONVERSION = YES;
				CLANG_WARN_INFINITE_RECURSION = YES;
				CLANG_WARN_INT_CONVERSION = YES;
				CLANG_WARN_NON_LITERAL_NULL_CONVERSION = YES;
				CLANG_WARN_OBJC_IMPLICIT_RETAIN_SELF = YES;
				CLANG_WARN_OBJC_LITERAL_CONVERSION = YES;
				CLANG_WARN_OBJC_ROOT_CLASS = YES_ERROR;
				CLANG_WARN_QUOTED_INCLUDE_IN_FRAMEWORK_HEADER = YES;
				CLANG_WARN_RANGE_LOOP_ANALYSIS = YES;
				CLANG_WARN_STRICT_PROTOTYPES = YES;
				CLANG_WARN_SUSPICIOUS_MOVE = YES;
				CLANG_WARN_UNGUARDED_AVAILABILITY = YES_AGGRESSIVE;
				CLANG_WARN_UNREACHABLE_CODE = YES;
				CLANG_WARN__DUPLICATE_METHOD_MATCH = YES;
				COPY_PHASE_STRIP = NO;
				DEBUG_INFORMATION_FORMAT = "dwarf-with-dsym";
				ENABLE_NS_ASSERTIONS = NO;
				ENABLE_STRICT_OBJC_MSGSEND = YES;
				GCC_C_LANGUAGE_STANDARD = gnu11;
				GCC_NO_COMMON_BLOCKS = YES;
				GCC_WARN_64_TO_32_BIT_CONVERSION = YES;
				GCC_WARN_ABOUT_RETURN_TYPE = YES_ERROR;
				GCC_WARN_UNDECLARED_SELECTOR = YES;
				GCC_WARN_UNINITIALIZED_AUTOS = YES_AGGRESSIVE;
				GCC_WARN_UNUSED_FUNCTION = YES;
				GCC_WARN_UNUSED_VARIABLE = YES;
				IPHONEOS_DEPLOYMENT_TARGET = 14.0;
				MTL_ENABLE_DEBUG_INFO = NO;
				MTL_FAST_MATH = YES;
				SDKROOT = iphoneos;
				SWIFT_COMPILATION_MODE = wholemodule;
				SWIFT_OPTIMIZATION_LEVEL = "-O";
				VALIDATE_PRODUCT = YES;
			};
			name = Release;
		};
		8999DB25253185B100CE9B26 /* Debug */ = {
			isa = XCBuildConfiguration;
			baseConfigurationReference = 57D2D71BF6D3F7934CBC793E /* Pods-UUMessay.debug.xcconfig */;
			buildSettings = {
				ASSETCATALOG_COMPILER_APPICON_NAME = AppIcon;
				ASSETCATALOG_COMPILER_GLOBAL_ACCENT_COLOR_NAME = AccentColor;
				CODE_SIGN_STYLE = Automatic;
				DEVELOPMENT_TEAM = R5B7A86VF5;
				INFOPLIST_FILE = UUMessay/Info.plist;
				LD_RUNPATH_SEARCH_PATHS = (
					"$(inherited)",
					"@executable_path/Frameworks",
				);
				PRODUCT_BUNDLE_IDENTIFIER = YuyuQian.UUMessay;
				PRODUCT_NAME = "$(TARGET_NAME)";
				SWIFT_VERSION = 5.0;
				TARGETED_DEVICE_FAMILY = "1,2";
			};
			name = Debug;
		};
		8999DB26253185B100CE9B26 /* Release */ = {
			isa = XCBuildConfiguration;
			baseConfigurationReference = 9C4B4BCEEEDA5849FF2D4B2F /* Pods-UUMessay.release.xcconfig */;
			buildSettings = {
				ASSETCATALOG_COMPILER_APPICON_NAME = AppIcon;
				ASSETCATALOG_COMPILER_GLOBAL_ACCENT_COLOR_NAME = AccentColor;
				CODE_SIGN_STYLE = Automatic;
				DEVELOPMENT_TEAM = R5B7A86VF5;
				INFOPLIST_FILE = UUMessay/Info.plist;
				LD_RUNPATH_SEARCH_PATHS = (
					"$(inherited)",
					"@executable_path/Frameworks",
				);
				PRODUCT_BUNDLE_IDENTIFIER = YuyuQian.UUMessay;
				PRODUCT_NAME = "$(TARGET_NAME)";
				SWIFT_VERSION = 5.0;
				TARGETED_DEVICE_FAMILY = "1,2";
			};
			name = Release;
		};
		8999DB28253185B100CE9B26 /* Debug */ = {
			isa = XCBuildConfiguration;
			baseConfigurationReference = 1AB9277B63BC4E59B907A887 /* Pods-UUMessayTests.debug.xcconfig */;
			buildSettings = {
				ALWAYS_EMBED_SWIFT_STANDARD_LIBRARIES = YES;
				BUNDLE_LOADER = "$(TEST_HOST)";
				CODE_SIGN_STYLE = Automatic;
				DEVELOPMENT_TEAM = R5B7A86VF5;
				INFOPLIST_FILE = UUMessayTests/Info.plist;
				IPHONEOS_DEPLOYMENT_TARGET = 14.0;
				LD_RUNPATH_SEARCH_PATHS = (
					"$(inherited)",
					"@executable_path/Frameworks",
					"@loader_path/Frameworks",
				);
				PRODUCT_BUNDLE_IDENTIFIER = YuyuQian.UUMessayTests;
				PRODUCT_NAME = "$(TARGET_NAME)";
				SWIFT_VERSION = 5.0;
				TARGETED_DEVICE_FAMILY = "1,2";
				TEST_HOST = "$(BUILT_PRODUCTS_DIR)/UUMessay.app/UUMessay";
			};
			name = Debug;
		};
		8999DB29253185B100CE9B26 /* Release */ = {
			isa = XCBuildConfiguration;
			baseConfigurationReference = F21C3CDA68A7A849CA933B71 /* Pods-UUMessayTests.release.xcconfig */;
			buildSettings = {
				ALWAYS_EMBED_SWIFT_STANDARD_LIBRARIES = YES;
				BUNDLE_LOADER = "$(TEST_HOST)";
				CODE_SIGN_STYLE = Automatic;
				DEVELOPMENT_TEAM = R5B7A86VF5;
				INFOPLIST_FILE = UUMessayTests/Info.plist;
				IPHONEOS_DEPLOYMENT_TARGET = 14.0;
				LD_RUNPATH_SEARCH_PATHS = (
					"$(inherited)",
					"@executable_path/Frameworks",
					"@loader_path/Frameworks",
				);
				PRODUCT_BUNDLE_IDENTIFIER = YuyuQian.UUMessayTests;
				PRODUCT_NAME = "$(TARGET_NAME)";
				SWIFT_VERSION = 5.0;
				TARGETED_DEVICE_FAMILY = "1,2";
				TEST_HOST = "$(BUILT_PRODUCTS_DIR)/UUMessay.app/UUMessay";
			};
			name = Release;
		};
		8999DB2B253185B100CE9B26 /* Debug */ = {
			isa = XCBuildConfiguration;
			baseConfigurationReference = 196CD639DFE52EF3B8D2E780 /* Pods-UUMessay-UUMessayUITests.debug.xcconfig */;
			buildSettings = {
				ALWAYS_EMBED_SWIFT_STANDARD_LIBRARIES = YES;
				CODE_SIGN_STYLE = Automatic;
				DEVELOPMENT_TEAM = R5B7A86VF5;
				INFOPLIST_FILE = UUMessayUITests/Info.plist;
				LD_RUNPATH_SEARCH_PATHS = (
					"$(inherited)",
					"@executable_path/Frameworks",
					"@loader_path/Frameworks",
				);
				PRODUCT_BUNDLE_IDENTIFIER = YuyuQian.UUMessayUITests;
				PRODUCT_NAME = "$(TARGET_NAME)";
				SWIFT_VERSION = 5.0;
				TARGETED_DEVICE_FAMILY = "1,2";
				TEST_TARGET_NAME = UUMessay;
			};
			name = Debug;
		};
		8999DB2C253185B100CE9B26 /* Release */ = {
			isa = XCBuildConfiguration;
			baseConfigurationReference = 647A99B2425545B22F34F078 /* Pods-UUMessay-UUMessayUITests.release.xcconfig */;
			buildSettings = {
				ALWAYS_EMBED_SWIFT_STANDARD_LIBRARIES = YES;
				CODE_SIGN_STYLE = Automatic;
				DEVELOPMENT_TEAM = R5B7A86VF5;
				INFOPLIST_FILE = UUMessayUITests/Info.plist;
				LD_RUNPATH_SEARCH_PATHS = (
					"$(inherited)",
					"@executable_path/Frameworks",
					"@loader_path/Frameworks",
				);
				PRODUCT_BUNDLE_IDENTIFIER = YuyuQian.UUMessayUITests;
				PRODUCT_NAME = "$(TARGET_NAME)";
				SWIFT_VERSION = 5.0;
				TARGETED_DEVICE_FAMILY = "1,2";
				TEST_TARGET_NAME = UUMessay;
			};
			name = Release;
		};
/* End XCBuildConfiguration section */

/* Begin XCConfigurationList section */
		8999DAF5253185AF00CE9B26 /* Build configuration list for PBXProject "UUMessay" */ = {
			isa = XCConfigurationList;
			buildConfigurations = (
				8999DB22253185B100CE9B26 /* Debug */,
				8999DB23253185B100CE9B26 /* Release */,
			);
			defaultConfigurationIsVisible = 0;
			defaultConfigurationName = Release;
		};
		8999DB24253185B100CE9B26 /* Build configuration list for PBXNativeTarget "UUMessay" */ = {
			isa = XCConfigurationList;
			buildConfigurations = (
				8999DB25253185B100CE9B26 /* Debug */,
				8999DB26253185B100CE9B26 /* Release */,
			);
			defaultConfigurationIsVisible = 0;
			defaultConfigurationName = Release;
		};
		8999DB27253185B100CE9B26 /* Build configuration list for PBXNativeTarget "UUMessayTests" */ = {
			isa = XCConfigurationList;
			buildConfigurations = (
				8999DB28253185B100CE9B26 /* Debug */,
				8999DB29253185B100CE9B26 /* Release */,
			);
			defaultConfigurationIsVisible = 0;
			defaultConfigurationName = Release;
		};
		8999DB2A253185B100CE9B26 /* Build configuration list for PBXNativeTarget "UUMessayUITests" */ = {
			isa = XCConfigurationList;
			buildConfigurations = (
				8999DB2B253185B100CE9B26 /* Debug */,
				8999DB2C253185B100CE9B26 /* Release */,
			);
			defaultConfigurationIsVisible = 0;
			defaultConfigurationName = Release;
		};
/* End XCConfigurationList section */
	};
	rootObject = 8999DAF2253185AF00CE9B26 /* Project object */;
}
